
Microsoft Visual Studio Solution File, Format Version 12.00
# Visual Studio 2013
VisualStudioVersion = 12.0.21005.1
MinimumVisualStudioVersion = 10.0.40219.1
Project("{8BC9CEB8-8B4A-11D0-8D11-00A0C91BC942}") = "RemoteControl", "RemoteControl\RemoteControl.vcxproj", "{841EA9FB-966B-4A0E-B715-0840B62DA808}"
EndProject
Global
	GlobalSection(SolutionConfigurationPlatforms) = preSolution
		Debug|Win32 = Debug|Win32
		Release|Win32 = Release|Win32
	EndGlobalSection
	GlobalSection(ProjectConfigurationPlatforms) = postSolution
		{841EA9FB-966B-4A0E-B715-0840B62DA808}.Debug|Win32.ActiveCfg = Debug|Win32
		{841EA9FB-966B-4A0E-B715-0840B62DA808}.Debug|Win32.Build.0 = Debug|Win32
		{841EA9FB-966B-4A0E-B715-0840B62DA808}.Release|Win32.ActiveCfg = Release|Win32
		{841EA9FB-966B-4A0E-B715-0840B62DA808}.Release|Win32.Build.0 = Release|Win32
	EndGlobalSection
	GlobalSection(SolutionProperties) = preSolution
		HideSolutionNode = FALSE
	EndGlobalSection
EndGlobal
